// !$*UTF8*$!
{
	archiveVersion = 1;
	classes = {
	};
	objectVersion = 56;
	objects = {

/* Begin PBXBuildFile section */
		F8488B782C9C1D5A0028C89A /* SwiftUI_Photos_ConcurrencyApp.swift in Sources */ = {isa = PBXBuildFile; fileRef = F8488B772C9C1D5A0028C89A /* SwiftUI_Photos_ConcurrencyApp.swift */; };
		F8488B7A2C9C1D5A0028C89A /* CatalogView.swift in Sources */ = {isa = PBXBuildFile; fileRef = F8488B792C9C1D5A0028C89A /* CatalogView.swift */; };
		F8488B7C2C9C1D5C0028C89A /* Assets.xcassets in Resources */ = {isa = PBXBuildFile; fileRef = F8488B7B2C9C1D5C0028C89A /* Assets.xcassets */; };
		F8488B7F2C9C1D5C0028C89A /* Preview Assets.xcassets in Resources */ = {isa = PBXBuildFile; fileRef = F8488B7E2C9C1D5C0028C89A /* Preview Assets.xcassets */; };
		F8488B892C9C1D5C0028C89A /* SwiftUI_Photos_ConcurrencyTests.swift in Sources */ = {isa = PBXBuildFile; fileRef = F8488B882C9C1D5C0028C89A /* SwiftUI_Photos_ConcurrencyTests.swift */; };
		F8488B932C9C1D5C0028C89A /* SwiftUI_Photos_ConcurrencyUITests.swift in Sources */ = {isa = PBXBuildFile; fileRef = F8488B922C9C1D5C0028C89A /* SwiftUI_Photos_ConcurrencyUITests.swift */; };
		F8488B952C9C1D5C0028C89A /* SwiftUI_Photos_ConcurrencyUITestsLaunchTests.swift in Sources */ = {isa = PBXBuildFile; fileRef = F8488B942C9C1D5C0028C89A /* SwiftUI_Photos_ConcurrencyUITestsLaunchTests.swift */; };
		F8488BA22C9C1E330028C89A /* Photos.swift in Sources */ = {isa = PBXBuildFile; fileRef = F8488BA12C9C1E330028C89A /* Photos.swift */; };
		F8488BA42C9C1E500028C89A /* SpacePhoto.swift in Sources */ = {isa = PBXBuildFile; fileRef = F8488BA32C9C1E500028C89A /* SpacePhoto.swift */; };
		F8488BA62C9C1ED00028C89A /* PhotoView.swift in Sources */ = {isa = PBXBuildFile; fileRef = F8488BA52C9C1ED00028C89A /* PhotoView.swift */; };
		F8488BA82C9C1EF70028C89A /* SavePhotoButton.swift in Sources */ = {isa = PBXBuildFile; fileRef = F8488BA72C9C1EF70028C89A /* SavePhotoButton.swift */; };
/* End PBXBuildFile section */

/* Begin PBXContainerItemProxy section */
		F8488B852C9C1D5C0028C89A /* PBXContainerItemProxy */ = {
			isa = PBXContainerItemProxy;
			containerPortal = F8488B6C2C9C1D5A0028C89A /* Project object */;
			proxyType = 1;
			remoteGlobalIDString = F8488B732C9C1D5A0028C89A;
			remoteInfo = "SwiftUI_Photos-Concurrency";
		};
		F8488B8F2C9C1D5C0028C89A /* PBXContainerItemProxy */ = {
			isa = PBXContainerItemProxy;
			containerPortal = F8488B6C2C9C1D5A0028C89A /* Project object */;
			proxyType = 1;
			remoteGlobalIDString = F8488B732C9C1D5A0028C89A;
			remoteInfo = "SwiftUI_Photos-Concurrency";
		};
/* End PBXContainerItemProxy section */

/* Begin PBXFileReference section */
		F8488B742C9C1D5A0028C89A /* SwiftUI_Photos-Concurrency.app */ = {isa = PBXFileReference; explicitFileType = wrapper.application; includeInIndex = 0; path = "SwiftUI_Photos-Concurrency.app"; sourceTree = BUILT_PRODUCTS_DIR; };
		F8488B772C9C1D5A0028C89A /* SwiftUI_Photos_ConcurrencyApp.swift */ = {isa = PBXFileReference; lastKnownFileType = sourcecode.swift; path = SwiftUI_Photos_ConcurrencyApp.swift; sourceTree = "<group>"; };
		F8488B792C9C1D5A0028C89A /* CatalogView.swift */ = {isa = PBXFileReference; lastKnownFileType = sourcecode.swift; path = CatalogView.swift; sourceTree = "<group>"; };
		F8488B7B2C9C1D5C0028C89A /* Assets.xcassets */ = {isa = PBXFileReference; lastKnownFileType = folder.assetcatalog; path = Assets.xcassets; sourceTree = "<group>"; };
		F8488B7E2C9C1D5C0028C89A /* Preview Assets.xcassets */ = {isa = PBXFileReference; lastKnownFileType = folder.assetcatalog; path = "Preview Assets.xcassets"; sourceTree = "<group>"; };
		F8488B842C9C1D5C0028C89A /* SwiftUI_Photos-ConcurrencyTests.xctest */ = {isa = PBXFileReference; explicitFileType = wrapper.cfbundle; includeInIndex = 0; path = "SwiftUI_Photos-ConcurrencyTests.xctest"; sourceTree = BUILT_PRODUCTS_DIR; };
		F8488B882C9C1D5C0028C89A /* SwiftUI_Photos_ConcurrencyTests.swift */ = {isa = PBXFileReference; lastKnownFileType = sourcecode.swift; path = SwiftUI_Photos_ConcurrencyTests.swift; sourceTree = "<group>"; };
		F8488B8E2C9C1D5C0028C89A /* SwiftUI_Photos-ConcurrencyUITests.xctest */ = {isa = PBXFileReference; explicitFileType = wrapper.cfbundle; includeInIndex = 0; path = "SwiftUI_Photos-ConcurrencyUITests.xctest"; sourceTree = BUILT_PRODUCTS_DIR; };
		F8488B922C9C1D5C0028C89A /* SwiftUI_Photos_ConcurrencyUITests.swift */ = {isa = PBXFileReference; lastKnownFileType = sourcecode.swift; path = SwiftUI_Photos_ConcurrencyUITests.swift; sourceTree = "<group>"; };
		F8488B942C9C1D5C0028C89A /* SwiftUI_Photos_ConcurrencyUITestsLaunchTests.swift */ = {isa = PBXFileReference; lastKnownFileType = sourcecode.swift; path = SwiftUI_Photos_ConcurrencyUITestsLaunchTests.swift; sourceTree = "<group>"; };
		F8488BA12C9C1E330028C89A /* Photos.swift */ = {isa = PBXFileReference; lastKnownFileType = sourcecode.swift; path = Photos.swift; sourceTree = "<group>"; };
		F8488BA32C9C1E500028C89A /* SpacePhoto.swift */ = {isa = PBXFileReference; lastKnownFileType = sourcecode.swift; path = SpacePhoto.swift; sourceTree = "<group>"; };
		F8488BA52C9C1ED00028C89A /* PhotoView.swift */ = {isa = PBXFileReference; lastKnownFileType = sourcecode.swift; path = PhotoView.swift; sourceTree = "<group>"; };
		F8488BA72C9C1EF70028C89A /* SavePhotoButton.swift */ = {isa = PBXFileReference; lastKnownFileType = sourcecode.swift; path = SavePhotoButton.swift; sourceTree = "<group>"; };
/* End PBXFileReference section */

/* Begin PBXFrameworksBuildPhase section */
		F8488B712C9C1D5A0028C89A /* Frameworks */ = {
			isa = PBXFrameworksBuildPhase;
			buildActionMask = 2147483647;
			files = (
			);
			runOnlyForDeploymentPostprocessing = 0;
		};
		F8488B812C9C1D5C0028C89A /* Frameworks */ = {
			isa = PBXFrameworksBuildPhase;
			buildActionMask = 2147483647;
			files = (
			);
			runOnlyForDeploymentPostprocessing = 0;
		};
		F8488B8B2C9C1D5C0028C89A /* Frameworks */ = {
			isa = PBXFrameworksBuildPhase;
			buildActionMask = 2147483647;
			files = (
			);
			runOnlyForDeploymentPostprocessing = 0;
		};
/* End PBXFrameworksBuildPhase section */

/* Begin PBXGroup section */
		F8488B6B2C9C1D5A0028C89A = {
			isa = PBXGroup;
			children = (
				F8488B762C9C1D5A0028C89A /* SwiftUI_Photos-Concurrency */,
				F8488B872C9C1D5C0028C89A /* SwiftUI_Photos-ConcurrencyTests */,
				F8488B912C9C1D5C0028C89A /* SwiftUI_Photos-ConcurrencyUITests */,
				F8488B752C9C1D5A0028C89A /* Products */,
			);
			sourceTree = "<group>";
		};
		F8488B752C9C1D5A0028C89A /* Products */ = {
			isa = PBXGroup;
			children = (
				F8488B742C9C1D5A0028C89A /* SwiftUI_Photos-Concurrency.app */,
				F8488B842C9C1D5C0028C89A /* SwiftUI_Photos-ConcurrencyTests.xctest */,
				F8488B8E2C9C1D5C0028C89A /* SwiftUI_Photos-ConcurrencyUITests.xctest */,
			);
			name = Products;
			sourceTree = "<group>";
		};
		F8488B762C9C1D5A0028C89A /* SwiftUI_Photos-Concurrency */ = {
			isa = PBXGroup;
			children = (
				F8488B772C9C1D5A0028C89A /* SwiftUI_Photos_ConcurrencyApp.swift */,
				F8488B792C9C1D5A0028C89A /* CatalogView.swift */,
				F8488BA12C9C1E330028C89A /* Photos.swift */,
				F8488BA32C9C1E500028C89A /* SpacePhoto.swift */,
				F8488BA52C9C1ED00028C89A /* PhotoView.swift */,
				F8488BA72C9C1EF70028C89A /* SavePhotoButton.swift */,
				F8488B7B2C9C1D5C0028C89A /* Assets.xcassets */,
				F8488B7D2C9C1D5C0028C89A /* Preview Content */,
			);
			path = "SwiftUI_Photos-Concurrency";
			sourceTree = "<group>";
		};
		F8488B7D2C9C1D5C0028C89A /* Preview Content */ = {
			isa = PBXGroup;
			children = (
				F8488B7E2C9C1D5C0028C89A /* Preview Assets.xcassets */,
			);
			path = "Preview Content";
			sourceTree = "<group>";
		};
		F8488B872C9C1D5C0028C89A /* SwiftUI_Photos-ConcurrencyTests */ = {
			isa = PBXGroup;
			children = (
				F8488B882C9C1D5C0028C89A /* SwiftUI_Photos_ConcurrencyTests.swift */,
			);
			path = "SwiftUI_Photos-ConcurrencyTests";
			sourceTree = "<group>";
		};
		F8488B912C9C1D5C0028C89A /* SwiftUI_Photos-ConcurrencyUITests */ = {
			isa = PBXGroup;
			children = (
				F8488B922C9C1D5C0028C89A /* SwiftUI_Photos_ConcurrencyUITests.swift */,
				F8488B942C9C1D5C0028C89A /* SwiftUI_Photos_ConcurrencyUITestsLaunchTests.swift */,
			);
			path = "SwiftUI_Photos-ConcurrencyUITests";
			sourceTree = "<group>";
		};
/* End PBXGroup section */

/* Begin PBXNativeTarget section */
		F8488B732C9C1D5A0028C89A /* SwiftUI_Photos-Concurrency */ = {
			isa = PBXNativeTarget;
			buildConfigurationList = F8488B982C9C1D5C0028C89A /* Build configuration list for PBXNativeTarget "SwiftUI_Photos-Concurrency" */;
			buildPhases = (
				F8488B702C9C1D5A0028C89A /* Sources */,
				F8488B712C9C1D5A0028C89A /* Frameworks */,
				F8488B722C9C1D5A0028C89A /* Resources */,
			);
			buildRules = (
			);
			dependencies = (
			);
			name = "SwiftUI_Photos-Concurrency";
			productName = "SwiftUI_Photos-Concurrency";
			productReference = F8488B742C9C1D5A0028C89A /* SwiftUI_Photos-Concurrency.app */;
			productType = "com.apple.product-type.application";
		};
		F8488B832C9C1D5C0028C89A /* SwiftUI_Photos-ConcurrencyTests */ = {
			isa = PBXNativeTarget;
			buildConfigurationList = F8488B9B2C9C1D5C0028C89A /* Build configuration list for PBXNativeTarget "SwiftUI_Photos-ConcurrencyTests" */;
			buildPhases = (
				F8488B802C9C1D5C0028C89A /* Sources */,
				F8488B812C9C1D5C0028C89A /* Frameworks */,
				F8488B822C9C1D5C0028C89A /* Resources */,
			);
			buildRules = (
			);
			dependencies = (
				F8488B862C9C1D5C0028C89A /* PBXTargetDependency */,
			);
			name = "SwiftUI_Photos-ConcurrencyTests";
			productName = "SwiftUI_Photos-ConcurrencyTests";
			productReference = F8488B842C9C1D5C0028C89A /* SwiftUI_Photos-ConcurrencyTests.xctest */;
			productType = "com.apple.product-type.bundle.unit-test";
		};
		F8488B8D2C9C1D5C0028C89A /* SwiftUI_Photos-ConcurrencyUITests */ = {
			isa = PBXNativeTarget;
			buildConfigurationList = F8488B9E2C9C1D5C0028C89A /* Build configuration list for PBXNativeTarget "SwiftUI_Photos-ConcurrencyUITests" */;
			buildPhases = (
				F8488B8A2C9C1D5C0028C89A /* Sources */,
				F8488B8B2C9C1D5C0028C89A /* Frameworks */,
				F8488B8C2C9C1D5C0028C89A /* Resources */,
			);
			buildRules = (
			);
			dependencies = (
				F8488B902C9C1D5C0028C89A /* PBXTargetDependency */,
			);
			name = "SwiftUI_Photos-ConcurrencyUITests";
			productName = "SwiftUI_Photos-ConcurrencyUITests";
			productReference = F8488B8E2C9C1D5C0028C89A /* SwiftUI_Photos-ConcurrencyUITests.xctest */;
			productType = "com.apple.product-type.bundle.ui-testing";
		};
/* End PBXNativeTarget section */

/* Begin PBXProject section */
		F8488B6C2C9C1D5A0028C89A /* Project object */ = {
			isa = PBXProject;
			attributes = {
				BuildIndependentTargetsInParallel = 1;
				LastSwiftUpdateCheck = 1540;
				LastUpgradeCheck = 1540;
				TargetAttributes = {
					F8488B732C9C1D5A0028C89A = {
						CreatedOnToolsVersion = 15.4;
					};
					F8488B832C9C1D5C0028C89A = {
						CreatedOnToolsVersion = 15.4;
						TestTargetID = F8488B732C9C1D5A0028C89A;
					};
					F8488B8D2C9C1D5C0028C89A = {
						CreatedOnToolsVersion = 15.4;
						TestTargetID = F8488B732C9C1D5A0028C89A;
					};
				};
			};
			buildConfigurationList = F8488B6F2C9C1D5A0028C89A /* Build configuration list for PBXProject "SwiftUI_Photos-Concurrency" */;
			compatibilityVersion = "Xcode 14.0";
			developmentRegion = en;
			hasScannedForEncodings = 0;
			knownRegions = (
				en,
				Base,
			);
			mainGroup = F8488B6B2C9C1D5A0028C89A;
			productRefGroup = F8488B752C9C1D5A0028C89A /* Products */;
			projectDirPath = "";
			projectRoot = "";
			targets = (
				F8488B732C9C1D5A0028C89A /* SwiftUI_Photos-Concurrency */,
				F8488B832C9C1D5C0028C89A /* SwiftUI_Photos-ConcurrencyTests */,
				F8488B8D2C9C1D5C0028C89A /* SwiftUI_Photos-ConcurrencyUITests */,
			);
		};
/* End PBXProject section */

/* Begin PBXResourcesBuildPhase section */
		F8488B722C9C1D5A0028C89A /* Resources */ = {
			isa = PBXResourcesBuildPhase;
			buildActionMask = 2147483647;
			files = (
				F8488B7F2C9C1D5C0028C89A /* Preview Assets.xcassets in Resources */,
				F8488B7C2C9C1D5C0028C89A /* Assets.xcassets in Resources */,
			);
			runOnlyForDeploymentPostprocessing = 0;
		};
		F8488B822C9C1D5C0028C89A /* Resources */ = {
			isa = PBXResourcesBuildPhase;
			buildActionMask = 2147483647;
			files = (
			);
			runOnlyForDeploymentPostprocessing = 0;
		};
		F8488B8C2C9C1D5C0028C89A /* Resources */ = {
			isa = PBXResourcesBuildPhase;
			buildActionMask = 2147483647;
			files = (
			);
			runOnlyForDeploymentPostprocessing = 0;
		};
/* End PBXResourcesBuildPhase section */

/* Begin PBXSourcesBuildPhase section */
		F8488B702C9C1D5A0028C89A /* Sources */ = {
			isa = PBXSourcesBuildPhase;
			buildActionMask = 2147483647;
			files = (
				F8488BA22C9C1E330028C89A /* Photos.swift in Sources */,
				F8488BA82C9C1EF70028C89A /* SavePhotoButton.swift in Sources */,
				F8488BA42C9C1E500028C89A /* SpacePhoto.swift in Sources */,
				F8488B7A2C9C1D5A0028C89A /* CatalogView.swift in Sources */,
				F8488BA62C9C1ED00028C89A /* PhotoView.swift in Sources */,
				F8488B782C9C1D5A0028C89A /* SwiftUI_Photos_ConcurrencyApp.swift in Sources */,
			);
			runOnlyForDeploymentPostprocessing = 0;
		};
		F8488B802C9C1D5C0028C89A /* Sources */ = {
			isa = PBXSourcesBuildPhase;
			buildActionMask = 2147483647;
			files = (
				F8488B892C9C1D5C0028C89A /* SwiftUI_Photos_ConcurrencyTests.swift in Sources */,
			);
			runOnlyForDeploymentPostprocessing = 0;
		};
		F8488B8A2C9C1D5C0028C89A /* Sources */ = {
			isa = PBXSourcesBuildPhase;
			buildActionMask = 2147483647;
			files = (
				F8488B932C9C1D5C0028C89A /* SwiftUI_Photos_ConcurrencyUITests.swift in Sources */,
				F8488B952C9C1D5C0028C89A /* SwiftUI_Photos_ConcurrencyUITestsLaunchTests.swift in Sources */,
			);
			runOnlyForDeploymentPostprocessing = 0;
		};
/* End PBXSourcesBuildPhase section */

/* Begin PBXTargetDependency section */
		F8488B862C9C1D5C0028C89A /* PBXTargetDependency */ = {
			isa = PBXTargetDependency;
			target = F8488B732C9C1D5A0028C89A /* SwiftUI_Photos-Concurrency */;
			targetProxy = F8488B852C9C1D5C0028C89A /* PBXContainerItemProxy */;
		};
		F8488B902C9C1D5C0028C89A /* PBXTargetDependency */ = {
			isa = PBXTargetDependency;
			target = F8488B732C9C1D5A0028C89A /* SwiftUI_Photos-Concurrency */;
			targetProxy = F8488B8F2C9C1D5C0028C89A /* PBXContainerItemProxy */;
		};
/* End PBXTargetDependency section */

/* Begin XCBuildConfiguration section */
		F8488B962C9C1D5C0028C89A /* Debug */ = {
			isa = XCBuildConfiguration;
			buildSettings = {
				ALWAYS_SEARCH_USER_PATHS = NO;
				ASSETCATALOG_COMPILER_GENERATE_SWIFT_ASSET_SYMBOL_EXTENSIONS = YES;
				CLANG_ANALYZER_NONNULL = YES;
				CLANG_ANALYZER_NUMBER_OBJECT_CONVERSION = YES_AGGRESSIVE;
				CLANG_CXX_LANGUAGE_STANDARD = "gnu++20";
				CLANG_ENABLE_MODULES = YES;
				CLANG_ENABLE_OBJC_ARC = YES;
				CLANG_ENABLE_OBJC_WEAK = YES;
				CLANG_WARN_BLOCK_CAPTURE_AUTORELEASING = YES;
				CLANG_WARN_BOOL_CONVERSION = YES;
				CLANG_WARN_COMMA = YES;
				CLANG_WARN_CONSTANT_CONVERSION = YES;
				CLANG_WARN_DEPRECATED_OBJC_IMPLEMENTATIONS = YES;
				CLANG_WARN_DIRECT_OBJC_ISA_USAGE = YES_ERROR;
				CLANG_WARN_DOCUMENTATION_COMMENTS = YES;
				CLANG_WARN_EMPTY_BODY = YES;
				CLANG_WARN_ENUM_CONVERSION = YES;
				CLANG_WARN_INFINITE_RECURSION = YES;
				CLANG_WARN_INT_CONVERSION = YES;
				CLANG_WARN_NON_LITERAL_NULL_CONVERSION = YES;
				CLANG_WARN_OBJC_IMPLICIT_RETAIN_SELF = YES;
				CLANG_WARN_OBJC_LITERAL_CONVERSION = YES;
				CLANG_WARN_OBJC_ROOT_CLASS = YES_ERROR;
				CLANG_WARN_QUOTED_INCLUDE_IN_FRAMEWORK_HEADER = YES;
				CLANG_WARN_RANGE_LOOP_ANALYSIS = YES;
				CLANG_WARN_STRICT_PROTOTYPES = YES;
				CLANG_WARN_SUSPICIOUS_MOVE = YES;
				CLANG_WARN_UNGUARDED_AVAILABILITY = YES_AGGRESSIVE;
				CLANG_WARN_UNREACHABLE_CODE = YES;
				CLANG_WARN__DUPLICATE_METHOD_MATCH = YES;
				COPY_PHASE_STRIP = NO;
				DEBUG_INFORMATION_FORMAT = dwarf;
				ENABLE_STRICT_OBJC_MSGSEND = YES;
				ENABLE_TESTABILITY = YES;
				ENABLE_USER_SCRIPT_SANDBOXING = YES;
				GCC_C_LANGUAGE_STANDARD = gnu17;
				GCC_DYNAMIC_NO_PIC = NO;
				GCC_NO_COMMON_BLOCKS = YES;
				GCC_OPTIMIZATION_LEVEL = 0;
				GCC_PREPROCESSOR_DEFINITIONS = (
					"DEBUG=1",
					"$(inherited)",
				);
				GCC_WARN_64_TO_32_BIT_CONVERSION = YES;
				GCC_WARN_ABOUT_RETURN_TYPE = YES_ERROR;
				GCC_WARN_UNDECLARED_SELECTOR = YES;
				GCC_WARN_UNINITIALIZED_AUTOS = YES_AGGRESSIVE;
				GCC_WARN_UNUSED_FUNCTION = YES;
				GCC_WARN_UNUSED_VARIABLE = YES;
				IPHONEOS_DEPLOYMENT_TARGET = 17.5;
				LOCALIZATION_PREFERS_STRING_CATALOGS = YES;
				MTL_ENABLE_DEBUG_INFO = INCLUDE_SOURCE;
				MTL_FAST_MATH = YES;
				ONLY_ACTIVE_ARCH = YES;
				SDKROOT = iphoneos;
				SWIFT_ACTIVE_COMPILATION_CONDITIONS = "DEBUG $(inherited)";
				SWIFT_OPTIMIZATION_LEVEL = "-Onone";
			};
			name = Debug;
		};
		F8488B972C9C1D5C0028C89A /* Release */ = {
			isa = XCBuildConfiguration;
			buildSettings = {
				ALWAYS_SEARCH_USER_PATHS = NO;
				ASSETCATALOG_COMPILER_GENERATE_SWIFT_ASSET_SYMBOL_EXTENSIONS = YES;
				CLANG_ANALYZER_NONNULL = YES;
				CLANG_ANALYZER_NUMBER_OBJECT_CONVERSION = YES_AGGRESSIVE;
				CLANG_CXX_LANGUAGE_STANDARD = "gnu++20";
				CLANG_ENABLE_MODULES = YES;
				CLANG_ENABLE_OBJC_ARC = YES;
				CLANG_ENABLE_OBJC_WEAK = YES;
				CLANG_WARN_BLOCK_CAPTURE_AUTORELEASING = YES;
				CLANG_WARN_BOOL_CONVERSION = YES;
				CLANG_WARN_COMMA = YES;
				CLANG_WARN_CONSTANT_CONVERSION = YES;
				CLANG_WARN_DEPRECATED_OBJC_IMPLEMENTATIONS = YES;
				CLANG_WARN_DIRECT_OBJC_ISA_USAGE = YES_ERROR;
				CLANG_WARN_DOCUMENTATION_COMMENTS = YES;
				CLANG_WARN_EMPTY_BODY = YES;
				CLANG_WARN_ENUM_CONVERSION = YES;
				CLANG_WARN_INFINITE_RECURSION = YES;
				CLANG_WARN_INT_CONVERSION = YES;
				CLANG_WARN_NON_LITERAL_NULL_CONVERSION = YES;
				CLANG_WARN_OBJC_IMPLICIT_RETAIN_SELF = YES;
				CLANG_WARN_OBJC_LITERAL_CONVERSION = YES;
				CLANG_WARN_OBJC_ROOT_CLASS = YES_ERROR;
				CLANG_WARN_QUOTED_INCLUDE_IN_FRAMEWORK_HEADER = YES;
				CLANG_WARN_RANGE_LOOP_ANALYSIS = YES;
				CLANG_WARN_STRICT_PROTOTYPES = YES;
				CLANG_WARN_SUSPICIOUS_MOVE = YES;
				CLANG_WARN_UNGUARDED_AVAILABILITY = YES_AGGRESSIVE;
				CLANG_WARN_UNREACHABLE_CODE = YES;
				CLANG_WARN__DUPLICATE_METHOD_MATCH = YES;
				COPY_PHASE_STRIP = NO;
				DEBUG_INFORMATION_FORMAT = "dwarf-with-dsym";
				ENABLE_NS_ASSERTIONS = NO;
				ENABLE_STRICT_OBJC_MSGSEND = YES;
				ENABLE_USER_SCRIPT_SANDBOXING = YES;
				GCC_C_LANGUAGE_STANDARD = gnu17;
				GCC_NO_COMMON_BLOCKS = YES;
				GCC_WARN_64_TO_32_BIT_CONVERSION = YES;
				GCC_WARN_ABOUT_RETURN_TYPE = YES_ERROR;
				GCC_WARN_UNDECLARED_SELECTOR = YES;
				GCC_WARN_UNINITIALIZED_AUTOS = YES_AGGRESSIVE;
				GCC_WARN_UNUSED_FUNCTION = YES;
				GCC_WARN_UNUSED_VARIABLE = YES;
				IPHONEOS_DEPLOYMENT_TARGET = 17.5;
				LOCALIZATION_PREFERS_STRING_CATALOGS = YES;
				MTL_ENABLE_DEBUG_INFO = NO;
				MTL_FAST_MATH = YES;
				SDKROOT = iphoneos;
				SWIFT_COMPILATION_MODE = wholemodule;
				VALIDATE_PRODUCT = YES;
			};
			name = Release;
		};
		F8488B992C9C1D5C0028C89A /* Debug */ = {
			isa = XCBuildConfiguration;
			buildSettings = {
				ASSETCATALOG_COMPILER_APPICON_NAME = AppIcon;
				ASSETCATALOG_COMPILER_GLOBAL_ACCENT_COLOR_NAME = AccentColor;
				CODE_SIGN_STYLE = Automatic;
				CURRENT_PROJECT_VERSION = 1;
				DEVELOPMENT_ASSET_PATHS = "\"SwiftUI_Photos-Concurrency/Preview Content\"";
				ENABLE_PREVIEWS = YES;
				GENERATE_INFOPLIST_FILE = YES;
				INFOPLIST_KEY_UIApplicationSceneManifest_Generation = YES;
				INFOPLIST_KEY_UIApplicationSupportsIndirectInputEvents = YES;
				INFOPLIST_KEY_UILaunchScreen_Generation = YES;
				INFOPLIST_KEY_UISupportedInterfaceOrientations_iPad = "UIInterfaceOrientationPortrait UIInterfaceOrientationPortraitUpsideDown UIInterfaceOrientationLandscapeLeft UIInterfaceOrientationLandscapeRight";
				INFOPLIST_KEY_UISupportedInterfaceOrientations_iPhone = "UIInterfaceOrientationPortrait UIInterfaceOrientationLandscapeLeft UIInterfaceOrientationLandscapeRight";
				LD_RUNPATH_SEARCH_PATHS = (
					"$(inherited)",
					"@executable_path/Frameworks",
				);
				MARKETING_VERSION = 1.0;
				PRODUCT_BUNDLE_IDENTIFIER = "com.mk.SwiftUI-Photos-Concurrency";
				PRODUCT_NAME = "$(TARGET_NAME)";
				SWIFT_EMIT_LOC_STRINGS = YES;
				SWIFT_VERSION = 5.0;
				TARGETED_DEVICE_FAMILY = "1,2";
			};
			name = Debug;
		};
		F8488B9A2C9C1D5C0028C89A /* Release */ = {
			isa = XCBuildConfiguration;
			buildSettings = {
				ASSETCATALOG_COMPILER_APPICON_NAME = AppIcon;
				ASSETCATALOG_COMPILER_GLOBAL_ACCENT_COLOR_NAME = AccentColor;
				CODE_SIGN_STYLE = Automatic;
				CURRENT_PROJECT_VERSION = 1;
				DEVELOPMENT_ASSET_PATHS = "\"SwiftUI_Photos-Concurrency/Preview Content\"";
				ENABLE_PREVIEWS = YES;
				GENERATE_INFOPLIST_FILE = YES;
				INFOPLIST_KEY_UIApplicationSceneManifest_Generation = YES;
				INFOPLIST_KEY_UIApplicationSupportsIndirectInputEvents = YES;
				INFOPLIST_KEY_UILaunchScreen_Generation = YES;
				INFOPLIST_KEY_UISupportedInterfaceOrientations_iPad = "UIInterfaceOrientationPortrait UIInterfaceOrientationPortraitUpsideDown UIInterfaceOrientationLandscapeLeft UIInterfaceOrientationLandscapeRight";
				INFOPLIST_KEY_UISupportedInterfaceOrientations_iPhone = "UIInterfaceOrientationPortrait UIInterfaceOrientationLandscapeLeft UIInterfaceOrientationLandscapeRight";
				LD_RUNPATH_SEARCH_PATHS = (
					"$(inherited)",
					"@executable_path/Frameworks",
				);
				MARKETING_VERSION = 1.0;
				PRODUCT_BUNDLE_IDENTIFIER = "com.mk.SwiftUI-Photos-Concurrency";
				PRODUCT_NAME = "$(TARGET_NAME)";
				SWIFT_EMIT_LOC_STRINGS = YES;
				SWIFT_VERSION = 5.0;
				TARGETED_DEVICE_FAMILY = "1,2";
			};
			name = Release;
		};
		F8488B9C2C9C1D5C0028C89A /* Debug */ = {
			isa = XCBuildConfiguration;
			buildSettings = {
				ALWAYS_EMBED_SWIFT_STANDARD_LIBRARIES = YES;
				BUNDLE_LOADER = "$(TEST_HOST)";
				CODE_SIGN_STYLE = Automatic;
				CURRENT_PROJECT_VERSION = 1;
				GENERATE_INFOPLIST_FILE = YES;
				IPHONEOS_DEPLOYMENT_TARGET = 17.5;
				MARKETING_VERSION = 1.0;
				PRODUCT_BUNDLE_IDENTIFIER = "com.mk.SwiftUI-Photos-ConcurrencyTests";
				PRODUCT_NAME = "$(TARGET_NAME)";
				SWIFT_EMIT_LOC_STRINGS = NO;
				SWIFT_VERSION = 5.0;
				TARGETED_DEVICE_FAMILY = "1,2";
				TEST_HOST = "$(BUILT_PRODUCTS_DIR)/SwiftUI_Photos-Concurrency.app/$(BUNDLE_EXECUTABLE_FOLDER_PATH)/SwiftUI_Photos-Concurrency";
			};
			name = Debug;
		};
		F8488B9D2C9C1D5C0028C89A /* Release */ = {
			isa = XCBuildConfiguration;
			buildSettings = {
				ALWAYS_EMBED_SWIFT_STANDARD_LIBRARIES = YES;
				BUNDLE_LOADER = "$(TEST_HOST)";
				CODE_SIGN_STYLE = Automatic;
				CURRENT_PROJECT_VERSION = 1;
				GENERATE_INFOPLIST_FILE = YES;
				IPHONEOS_DEPLOYMENT_TARGET = 17.5;
				MARKETING_VERSION = 1.0;
				PRODUCT_BUNDLE_IDENTIFIER = "com.mk.SwiftUI-Photos-ConcurrencyTests";
				PRODUCT_NAME = "$(TARGET_NAME)";
				SWIFT_EMIT_LOC_STRINGS = NO;
				SWIFT_VERSION = 5.0;
				TARGETED_DEVICE_FAMILY = "1,2";
				TEST_HOST = "$(BUILT_PRODUCTS_DIR)/SwiftUI_Photos-Concurrency.app/$(BUNDLE_EXECUTABLE_FOLDER_PATH)/SwiftUI_Photos-Concurrency";
			};
			name = Release;
		};
		F8488B9F2C9C1D5C0028C89A /* Debug */ = {
			isa = XCBuildConfiguration;
			buildSettings = {
				ALWAYS_EMBED_SWIFT_STANDARD_LIBRARIES = YES;
				CODE_SIGN_STYLE = Automatic;
				CURRENT_PROJECT_VERSION = 1;
				GENERATE_INFOPLIST_FILE = YES;
				MARKETING_VERSION = 1.0;
				PRODUCT_BUNDLE_IDENTIFIER = "com.mk.SwiftUI-Photos-ConcurrencyUITests";
				PRODUCT_NAME = "$(TARGET_NAME)";
				SWIFT_EMIT_LOC_STRINGS = NO;
				SWIFT_VERSION = 5.0;
				TARGETED_DEVICE_FAMILY = "1,2";
				TEST_TARGET_NAME = "SwiftUI_Photos-Concurrency";
			};
			name = Debug;
		};
		F8488BA02C9C1D5C0028C89A /* Release */ = {
			isa = XCBuildConfiguration;
			buildSettings = {
				ALWAYS_EMBED_SWIFT_STANDARD_LIBRARIES = YES;
				CODE_SIGN_STYLE = Automatic;
				CURRENT_PROJECT_VERSION = 1;
				GENERATE_INFOPLIST_FILE = YES;
				MARKETING_VERSION = 1.0;
				PRODUCT_BUNDLE_IDENTIFIER = "com.mk.SwiftUI-Photos-ConcurrencyUITests";
				PRODUCT_NAME = "$(TARGET_NAME)";
				SWIFT_EMIT_LOC_STRINGS = NO;
				SWIFT_VERSION = 5.0;
				TARGETED_DEVICE_FAMILY = "1,2";
				TEST_TARGET_NAME = "SwiftUI_Photos-Concurrency";
			};
			name = Release;
		};
/* End XCBuildConfiguration section */

/* Begin XCConfigurationList section */
		F8488B6F2C9C1D5A0028C89A /* Build configuration list for PBXProject "SwiftUI_Photos-Concurrency" */ = {
			isa = XCConfigurationList;
			buildConfigurations = (
				F8488B962C9C1D5C0028C89A /* Debug */,
				F8488B972C9C1D5C0028C89A /* Release */,
			);
			defaultConfigurationIsVisible = 0;
			defaultConfigurationName = Release;
		};
		F8488B982C9C1D5C0028C89A /* Build configuration list for PBXNativeTarget "SwiftUI_Photos-Concurrency" */ = {
			isa = XCConfigurationList;
			buildConfigurations = (
				F8488B992C9C1D5C0028C89A /* Debug */,
				F8488B9A2C9C1D5C0028C89A /* Release */,
			);
			defaultConfigurationIsVisible = 0;
			defaultConfigurationName = Release;
		};
		F8488B9B2C9C1D5C0028C89A /* Build configuration list for PBXNativeTarget "SwiftUI_Photos-ConcurrencyTests" */ = {
			isa = XCConfigurationList;
			buildConfigurations = (
				F8488B9C2C9C1D5C0028C89A /* Debug */,
				F8488B9D2C9C1D5C0028C89A /* Release */,
			);
			defaultConfigurationIsVisible = 0;
			defaultConfigurationName = Release;
		};
		F8488B9E2C9C1D5C0028C89A /* Build configuration list for PBXNativeTarget "SwiftUI_Photos-ConcurrencyUITests" */ = {
			isa = XCConfigurationList;
			buildConfigurations = (
				F8488B9F2C9C1D5C0028C89A /* Debug */,
				F8488BA02C9C1D5C0028C89A /* Release */,
			);
			defaultConfigurationIsVisible = 0;
			defaultConfigurationName = Release;
		};
/* End XCConfigurationList section */
	};
	rootObject = F8488B6C2C9C1D5A0028C89A /* Project object */;
}
